
Microsoft Visual Studio Solution File, Format Version 12.00
# Visual Studio 15
VisualStudioVersion = 15.0.28010.2036
MinimumVisualStudioVersion = 10.0.40219.1
Project("{FAE04EC0-301F-11D3-BF4B-00C04F79EFBC}") = "Exercise1", "Exercise1\Exercise1.csproj", "{A28C9BCF-600A-4878-80E5-F1EB99754CB1}"
EndProject
Project("{FAE04EC0-301F-11D3-BF4B-00C04F79EFBC}") = "Exercise2", "Exercise2\Exercise2.csproj", "{A4EC624F-D40C-423C-BE5D-FF1276CFC7AD}"
EndProject
Project("{FAE04EC0-301F-11D3-BF4B-00C04F79EFBC}") = "Exercise3", "Exercise3\Exercise3.csproj", "{A0D5A32E-A855-452E-B9F5-1217E7B32A40}"
EndProject
Project("{FAE04EC0-301F-11D3-BF4B-00C04F79EFBC}") = "Exercise4", "Exercise4\Exercise4.csproj", "{EFD5ACC5-6241-4228-8FFE-6C992AF5E129}"
EndProject
Global
	GlobalSection(SolutionConfigurationPlatforms) = preSolution
		Debug|Any CPU = Debug|Any CPU
		Release|Any CPU = Release|Any CPU
	EndGlobalSection
	GlobalSection(ProjectConfigurationPlatforms) = postSolution
		{A28C9BCF-600A-4878-80E5-F1EB99754CB1}.Debug|Any CPU.ActiveCfg = Debug|Any CPU
		{A28C9BCF-600A-4878-80E5-F1EB99754CB1}.Debug|Any CPU.Build.0 = Debug|Any CPU
		{A28C9BCF-600A-4878-80E5-F1EB99754CB1}.Release|Any CPU.ActiveCfg = Release|Any CPU
		{A28C9BCF-600A-4878-80E5-F1EB99754CB1}.Release|Any CPU.Build.0 = Release|Any CPU
		{A4EC624F-D40C-423C-BE5D-FF1276CFC7AD}.Debug|Any CPU.ActiveCfg = Debug|Any CPU
		{A4EC624F-D40C-423C-BE5D-FF1276CFC7AD}.Debug|Any CPU.Build.0 = Debug|Any CPU
		{A4EC624F-D40C-423C-BE5D-FF1276CFC7AD}.Release|Any CPU.ActiveCfg = Release|Any CPU
		{A4EC624F-D40C-423C-BE5D-FF1276CFC7AD}.Release|Any CPU.Build.0 = Release|Any CPU
		{A0D5A32E-A855-452E-B9F5-1217E7B32A40}.Debug|Any CPU.ActiveCfg = Debug|Any CPU
		{A0D5A32E-A855-452E-B9F5-1217E7B32A40}.Debug|Any CPU.Build.0 = Debug|Any CPU
		{A0D5A32E-A855-452E-B9F5-1217E7B32A40}.Release|Any CPU.ActiveCfg = Release|Any CPU
		{A0D5A32E-A855-452E-B9F5-1217E7B32A40}.Release|Any CPU.Build.0 = Release|Any CPU
		{EFD5ACC5-6241-4228-8FFE-6C992AF5E129}.Debug|Any CPU.ActiveCfg = Debug|Any CPU
		{EFD5ACC5-6241-4228-8FFE-6C992AF5E129}.Debug|Any CPU.Build.0 = Debug|Any CPU
		{EFD5ACC5-6241-4228-8FFE-6C992AF5E129}.Release|Any CPU.ActiveCfg = Release|Any CPU
		{EFD5ACC5-6241-4228-8FFE-6C992AF5E129}.Release|Any CPU.Build.0 = Release|Any CPU
	EndGlobalSection
	GlobalSection(SolutionProperties) = preSolution
		HideSolutionNode = FALSE
	EndGlobalSection
	GlobalSection(ExtensibilityGlobals) = postSolution
		SolutionGuid = {556DA292-F3AC-4ED7-B70C-4C78A60D4566}
	EndGlobalSection
EndGlobal
